
Microsoft Visual Studio Solution File, Format Version 12.00
# Visual Studio Version 17
VisualStudioVersion = 17.11.35431.28
MinimumVisualStudioVersion = 10.0.40219.1
Project("{FAE04EC0-301F-11D3-BF4B-00C04F79EFBC}") = "ByeGolden", "ByeGolden.csproj", "{2E831271-E329-471A-AE58-FB74299693BA}"
EndProject
Global
	GlobalSection(SolutionConfigurationPlatforms) = preSolution
		Debug|Any CPU = Debug|Any CPU
		Release|Any CPU = Release|Any CPU
	EndGlobalSection
	GlobalSection(ProjectConfigurationPlatforms) = postSolution
		{2E831271-E329-471A-AE58-FB74299693BA}.Debug|Any CPU.ActiveCfg = Debug|Any CPU
		{2E831271-E329-471A-AE58-FB74299693BA}.Debug|Any CPU.Build.0 = Debug|Any CPU
		{2E831271-E329-471A-AE58-FB74299693BA}.Release|Any CPU.ActiveCfg = Release|Any CPU
		{2E831271-E329-471A-AE58-FB74299693BA}.Release|Any CPU.Build.0 = Release|Any CPU
	EndGlobalSection
	GlobalSection(SolutionProperties) = preSolution
		HideSolutionNode = FALSE
	EndGlobalSection
	GlobalSection(ExtensibilityGlobals) = postSolution
		SolutionGuid = {1761CD6C-832A-43E7-B9ED-DCEA1DB0F90A}
	EndGlobalSection
EndGlobal
